
Microsoft Visual Studio Solution File, Format Version 12.00
Project("{FAE04EC0-301F-11D3-BF4B-00C04F79EFBC}") = "gp23-104-csharp-oop-basics-HugoLundblad", "gp23-104-csharp-oop-basics-HugoLundblad\gp23-104-csharp-oop-basics-HugoLundblad.csproj", "{137FF896-185D-438B-B928-6363AC7D7E5C}"
EndProject
Project("{FAE04EC0-301F-11D3-BF4B-00C04F79EFBC}") = "P1.1Classes", "P1.1Classes\P1.1Classes.csproj", "{B53F48E6-D0B1-4A37-94E1-7A61392B869E}"
EndProject
Project("{FAE04EC0-301F-11D3-BF4B-00C04F79EFBC}") = "P1People", "P1People\P1People.csproj", "{3107B49D-F04B-41B4-A33E-B5323546984D}"
EndProject
Project("{FAE04EC0-301F-11D3-BF4B-00C04F79EFBC}") = "P2.1PlayerGold", "P2.1PlayerGold\P2.1PlayerGold.csproj", "{4DFE0783-8204-4B49-A2B8-0A6B6DE66EEE}"
EndProject
Project("{FAE04EC0-301F-11D3-BF4B-00C04F79EFBC}") = "P2.2ItemValues", "P2.2ItemValues\P2.2ItemValues.csproj", "{AB222F78-4000-4306-B92C-B4DC8256CD4C}"
EndProject
Project("{FAE04EC0-301F-11D3-BF4B-00C04F79EFBC}") = "P2Fields", "P2Fields\P2Fields.csproj", "{8722B3FD-2AE2-4922-8920-9D398AD52529}"
EndProject
Project("{FAE04EC0-301F-11D3-BF4B-00C04F79EFBC}") = "P3LevelUp", "P3LevelUp\P3LevelUp.csproj", "{10FD34EE-39CA-4710-BA69-6079CB60F894}"
EndProject
Project("{FAE04EC0-301F-11D3-BF4B-00C04F79EFBC}") = "P3.1HelloWorld", "P3.1HelloWorld\P3.1HelloWorld.csproj", "{FE524A60-E2A4-4F6D-8E12-81E8BA424030}"
EndProject
Project("{FAE04EC0-301F-11D3-BF4B-00C04F79EFBC}") = "P3.2People", "P3.2People\P3.2People.csproj", "{7DCC9F88-2294-4059-B841-6C45070A7700}"
EndProject
Project("{FAE04EC0-301F-11D3-BF4B-00C04F79EFBC}") = "P3.3OpenDoor", "P3.3OpenDoor\P3.3OpenDoor.csproj", "{1516C6CA-9E7C-4CC9-B6BC-3A8621BFCD52}"
EndProject
Project("{FAE04EC0-301F-11D3-BF4B-00C04F79EFBC}") = "P4Heap", "P4Heap\P4Heap.csproj", "{B0125318-4D70-4521-A8AA-077443F48E4B}"
EndProject
Project("{FAE04EC0-301F-11D3-BF4B-00C04F79EFBC}") = "P5Classified", "P5Classified\P5Classified.csproj", "{19660DBD-51F7-4813-B3A2-B7B31807B216}"
EndProject
Project("{FAE04EC0-301F-11D3-BF4B-00C04F79EFBC}") = "P6GoodKnight", "P6GoodKnight\P6GoodKnight.csproj", "{D34EC33F-046E-4C35-90E7-AE27C3D4CBED}"
EndProject
Global
	GlobalSection(SolutionConfigurationPlatforms) = preSolution
		Debug|Any CPU = Debug|Any CPU
		Release|Any CPU = Release|Any CPU
	EndGlobalSection
	GlobalSection(ProjectConfigurationPlatforms) = postSolution
		{137FF896-185D-438B-B928-6363AC7D7E5C}.Debug|Any CPU.ActiveCfg = Debug|Any CPU
		{137FF896-185D-438B-B928-6363AC7D7E5C}.Debug|Any CPU.Build.0 = Debug|Any CPU
		{137FF896-185D-438B-B928-6363AC7D7E5C}.Release|Any CPU.ActiveCfg = Release|Any CPU
		{137FF896-185D-438B-B928-6363AC7D7E5C}.Release|Any CPU.Build.0 = Release|Any CPU
		{B53F48E6-D0B1-4A37-94E1-7A61392B869E}.Debug|Any CPU.ActiveCfg = Debug|Any CPU
		{B53F48E6-D0B1-4A37-94E1-7A61392B869E}.Debug|Any CPU.Build.0 = Debug|Any CPU
		{B53F48E6-D0B1-4A37-94E1-7A61392B869E}.Release|Any CPU.ActiveCfg = Release|Any CPU
		{B53F48E6-D0B1-4A37-94E1-7A61392B869E}.Release|Any CPU.Build.0 = Release|Any CPU
		{3107B49D-F04B-41B4-A33E-B5323546984D}.Debug|Any CPU.ActiveCfg = Debug|Any CPU
		{3107B49D-F04B-41B4-A33E-B5323546984D}.Debug|Any CPU.Build.0 = Debug|Any CPU
		{3107B49D-F04B-41B4-A33E-B5323546984D}.Release|Any CPU.ActiveCfg = Release|Any CPU
		{3107B49D-F04B-41B4-A33E-B5323546984D}.Release|Any CPU.Build.0 = Release|Any CPU
		{4DFE0783-8204-4B49-A2B8-0A6B6DE66EEE}.Debug|Any CPU.ActiveCfg = Debug|Any CPU
		{4DFE0783-8204-4B49-A2B8-0A6B6DE66EEE}.Debug|Any CPU.Build.0 = Debug|Any CPU
		{4DFE0783-8204-4B49-A2B8-0A6B6DE66EEE}.Release|Any CPU.ActiveCfg = Release|Any CPU
		{4DFE0783-8204-4B49-A2B8-0A6B6DE66EEE}.Release|Any CPU.Build.0 = Release|Any CPU
		{AB222F78-4000-4306-B92C-B4DC8256CD4C}.Debug|Any CPU.ActiveCfg = Debug|Any CPU
		{AB222F78-4000-4306-B92C-B4DC8256CD4C}.Debug|Any CPU.Build.0 = Debug|Any CPU
		{AB222F78-4000-4306-B92C-B4DC8256CD4C}.Release|Any CPU.ActiveCfg = Release|Any CPU
		{AB222F78-4000-4306-B92C-B4DC8256CD4C}.Release|Any CPU.Build.0 = Release|Any CPU
		{8722B3FD-2AE2-4922-8920-9D398AD52529}.Debug|Any CPU.ActiveCfg = Debug|Any CPU
		{8722B3FD-2AE2-4922-8920-9D398AD52529}.Debug|Any CPU.Build.0 = Debug|Any CPU
		{8722B3FD-2AE2-4922-8920-9D398AD52529}.Release|Any CPU.ActiveCfg = Release|Any CPU
		{8722B3FD-2AE2-4922-8920-9D398AD52529}.Release|Any CPU.Build.0 = Release|Any CPU
		{10FD34EE-39CA-4710-BA69-6079CB60F894}.Debug|Any CPU.ActiveCfg = Debug|Any CPU
		{10FD34EE-39CA-4710-BA69-6079CB60F894}.Debug|Any CPU.Build.0 = Debug|Any CPU
		{10FD34EE-39CA-4710-BA69-6079CB60F894}.Release|Any CPU.ActiveCfg = Release|Any CPU
		{10FD34EE-39CA-4710-BA69-6079CB60F894}.Release|Any CPU.Build.0 = Release|Any CPU
		{FE524A60-E2A4-4F6D-8E12-81E8BA424030}.Debug|Any CPU.ActiveCfg = Debug|Any CPU
		{FE524A60-E2A4-4F6D-8E12-81E8BA424030}.Debug|Any CPU.Build.0 = Debug|Any CPU
		{FE524A60-E2A4-4F6D-8E12-81E8BA424030}.Release|Any CPU.ActiveCfg = Release|Any CPU
		{FE524A60-E2A4-4F6D-8E12-81E8BA424030}.Release|Any CPU.Build.0 = Release|Any CPU
		{7DCC9F88-2294-4059-B841-6C45070A7700}.Debug|Any CPU.ActiveCfg = Debug|Any CPU
		{7DCC9F88-2294-4059-B841-6C45070A7700}.Debug|Any CPU.Build.0 = Debug|Any CPU
		{7DCC9F88-2294-4059-B841-6C45070A7700}.Release|Any CPU.ActiveCfg = Release|Any CPU
		{7DCC9F88-2294-4059-B841-6C45070A7700}.Release|Any CPU.Build.0 = Release|Any CPU
		{1516C6CA-9E7C-4CC9-B6BC-3A8621BFCD52}.Debug|Any CPU.ActiveCfg = Debug|Any CPU
		{1516C6CA-9E7C-4CC9-B6BC-3A8621BFCD52}.Debug|Any CPU.Build.0 = Debug|Any CPU
		{1516C6CA-9E7C-4CC9-B6BC-3A8621BFCD52}.Release|Any CPU.ActiveCfg = Release|Any CPU
		{1516C6CA-9E7C-4CC9-B6BC-3A8621BFCD52}.Release|Any CPU.Build.0 = Release|Any CPU
		{B0125318-4D70-4521-A8AA-077443F48E4B}.Debug|Any CPU.ActiveCfg = Debug|Any CPU
		{B0125318-4D70-4521-A8AA-077443F48E4B}.Debug|Any CPU.Build.0 = Debug|Any CPU
		{B0125318-4D70-4521-A8AA-077443F48E4B}.Release|Any CPU.ActiveCfg = Release|Any CPU
		{B0125318-4D70-4521-A8AA-077443F48E4B}.Release|Any CPU.Build.0 = Release|Any CPU
		{19660DBD-51F7-4813-B3A2-B7B31807B216}.Debug|Any CPU.ActiveCfg = Debug|Any CPU
		{19660DBD-51F7-4813-B3A2-B7B31807B216}.Debug|Any CPU.Build.0 = Debug|Any CPU
		{19660DBD-51F7-4813-B3A2-B7B31807B216}.Release|Any CPU.ActiveCfg = Release|Any CPU
		{19660DBD-51F7-4813-B3A2-B7B31807B216}.Release|Any CPU.Build.0 = Release|Any CPU
		{D34EC33F-046E-4C35-90E7-AE27C3D4CBED}.Debug|Any CPU.ActiveCfg = Debug|Any CPU
		{D34EC33F-046E-4C35-90E7-AE27C3D4CBED}.Debug|Any CPU.Build.0 = Debug|Any CPU
		{D34EC33F-046E-4C35-90E7-AE27C3D4CBED}.Release|Any CPU.ActiveCfg = Release|Any CPU
		{D34EC33F-046E-4C35-90E7-AE27C3D4CBED}.Release|Any CPU.Build.0 = Release|Any CPU
	EndGlobalSection
EndGlobal
